
Microsoft Visual Studio Solution File, Format Version 12.00
# Visual Studio Version 16
VisualStudioVersion = 16.0.29409.12
MinimumVisualStudioVersion = 10.0.40219.1
Project("{9A19103F-16F7-4668-BE54-9A1E7A4F7556}") = "Parking.Web", "Parking.Web\Parking.Web.csproj", "{06EE24A3-B96F-4A21-AEDD-D272F00C59D2}"
EndProject
Project("{9A19103F-16F7-4668-BE54-9A1E7A4F7556}") = "Parking.Domain", "Parking.Domain\Parking.Domain.csproj", "{E4793278-1970-4B70-BBBC-DDF8459D3110}"
EndProject
Project("{9A19103F-16F7-4668-BE54-9A1E7A4F7556}") = "Parking.Data", "Parking.Data\Parking.Data.csproj", "{01147517-1F22-43DD-A6D5-766EC2098B14}"
EndProject
Global
	GlobalSection(SolutionConfigurationPlatforms) = preSolution
		Debug|Any CPU = Debug|Any CPU
		Release|Any CPU = Release|Any CPU
	EndGlobalSection
	GlobalSection(ProjectConfigurationPlatforms) = postSolution
		{06EE24A3-B96F-4A21-AEDD-D272F00C59D2}.Debug|Any CPU.ActiveCfg = Debug|Any CPU
		{06EE24A3-B96F-4A21-AEDD-D272F00C59D2}.Debug|Any CPU.Build.0 = Debug|Any CPU
		{06EE24A3-B96F-4A21-AEDD-D272F00C59D2}.Release|Any CPU.ActiveCfg = Release|Any CPU
		{06EE24A3-B96F-4A21-AEDD-D272F00C59D2}.Release|Any CPU.Build.0 = Release|Any CPU
		{E4793278-1970-4B70-BBBC-DDF8459D3110}.Debug|Any CPU.ActiveCfg = Debug|Any CPU
		{E4793278-1970-4B70-BBBC-DDF8459D3110}.Debug|Any CPU.Build.0 = Debug|Any CPU
		{E4793278-1970-4B70-BBBC-DDF8459D3110}.Release|Any CPU.ActiveCfg = Release|Any CPU
		{E4793278-1970-4B70-BBBC-DDF8459D3110}.Release|Any CPU.Build.0 = Release|Any CPU
		{01147517-1F22-43DD-A6D5-766EC2098B14}.Debug|Any CPU.ActiveCfg = Debug|Any CPU
		{01147517-1F22-43DD-A6D5-766EC2098B14}.Debug|Any CPU.Build.0 = Debug|Any CPU
		{01147517-1F22-43DD-A6D5-766EC2098B14}.Release|Any CPU.ActiveCfg = Release|Any CPU
		{01147517-1F22-43DD-A6D5-766EC2098B14}.Release|Any CPU.Build.0 = Release|Any CPU
	EndGlobalSection
	GlobalSection(SolutionProperties) = preSolution
		HideSolutionNode = FALSE
	EndGlobalSection
	GlobalSection(ExtensibilityGlobals) = postSolution
		SolutionGuid = {8B8E29BA-2133-4AFB-AD03-B48888509E1D}
	EndGlobalSection
EndGlobal
